
Microsoft Visual Studio Solution File, Format Version 12.00
# Visual Studio 2013
VisualStudioVersion = 12.0.31101.0
MinimumVisualStudioVersion = 10.0.40219.1
Project("{FAE04EC0-301F-11D3-BF4B-00C04F79EFBC}") = "Plugly", "Plugly\Plugly.csproj", "{B90B5F1E-969F-4F39-B0F3-6D9012783F51}"
EndProject
Project("{FAE04EC0-301F-11D3-BF4B-00C04F79EFBC}") = "Plugly.Unity", "Plugly.Unity\Plugly.Unity.csproj", "{520C19DE-BEB1-463D-820A-2E6300B8343F}"
EndProject
Project("{FAE04EC0-301F-11D3-BF4B-00C04F79EFBC}") = "Plugly.Tests", "Plugly.Tests\Plugly.Tests.csproj", "{B68FA3FC-CE28-43A0-9DAA-033EA45FEA43}"
EndProject
Project("{FAE04EC0-301F-11D3-BF4B-00C04F79EFBC}") = "Plugly.Performance", "Plugly.Performance\Plugly.Performance.csproj", "{BC967695-E20D-4563-8F5E-3B29DE25AB24}"
EndProject
Global
	GlobalSection(SolutionConfigurationPlatforms) = preSolution
		Debug|Any CPU = Debug|Any CPU
		Release|Any CPU = Release|Any CPU
	EndGlobalSection
	GlobalSection(ProjectConfigurationPlatforms) = postSolution
		{B90B5F1E-969F-4F39-B0F3-6D9012783F51}.Debug|Any CPU.ActiveCfg = Debug|Any CPU
		{B90B5F1E-969F-4F39-B0F3-6D9012783F51}.Debug|Any CPU.Build.0 = Debug|Any CPU
		{B90B5F1E-969F-4F39-B0F3-6D9012783F51}.Release|Any CPU.ActiveCfg = Release|Any CPU
		{B90B5F1E-969F-4F39-B0F3-6D9012783F51}.Release|Any CPU.Build.0 = Release|Any CPU
		{520C19DE-BEB1-463D-820A-2E6300B8343F}.Debug|Any CPU.ActiveCfg = Debug|Any CPU
		{520C19DE-BEB1-463D-820A-2E6300B8343F}.Debug|Any CPU.Build.0 = Debug|Any CPU
		{520C19DE-BEB1-463D-820A-2E6300B8343F}.Release|Any CPU.ActiveCfg = Release|Any CPU
		{520C19DE-BEB1-463D-820A-2E6300B8343F}.Release|Any CPU.Build.0 = Release|Any CPU
		{B68FA3FC-CE28-43A0-9DAA-033EA45FEA43}.Debug|Any CPU.ActiveCfg = Debug|Any CPU
		{B68FA3FC-CE28-43A0-9DAA-033EA45FEA43}.Debug|Any CPU.Build.0 = Debug|Any CPU
		{B68FA3FC-CE28-43A0-9DAA-033EA45FEA43}.Release|Any CPU.ActiveCfg = Release|Any CPU
		{B68FA3FC-CE28-43A0-9DAA-033EA45FEA43}.Release|Any CPU.Build.0 = Release|Any CPU
		{BC967695-E20D-4563-8F5E-3B29DE25AB24}.Debug|Any CPU.ActiveCfg = Debug|Any CPU
		{BC967695-E20D-4563-8F5E-3B29DE25AB24}.Debug|Any CPU.Build.0 = Debug|Any CPU
		{BC967695-E20D-4563-8F5E-3B29DE25AB24}.Release|Any CPU.ActiveCfg = Release|Any CPU
		{BC967695-E20D-4563-8F5E-3B29DE25AB24}.Release|Any CPU.Build.0 = Release|Any CPU
	EndGlobalSection
	GlobalSection(SolutionProperties) = preSolution
		HideSolutionNode = FALSE
	EndGlobalSection
EndGlobal
